{
  "name": "Build Back Beirut",
  "version": "1.1.0",
  "lockfileVersion": 1,
  "requires": true,
  "dependencies": {
    "@staaky/fresco": {
      "version": "2.3.1",
      "resolved": "https://registry.npmjs.org/@staaky/fresco/-/fresco-2.3.1.tgz",
      "integrity": "sha512-b11uf6jS70xGFgyX6CC9dTQI2DdN3N5o12NdyNpU6whae9xf6KY1Z74wr+sRXnAaWCwjNluO3VMruMasDqVQSQ=="
    }
  }
}
